Microsoft Visual Studio Solution File, Format Version 12.00
# Visual Studio Version 18
VisualStudioVersion = 18.2.11415.280
MinimumVisualStudioVersion = 10.0.40219.1
Project("{2150E333-8FDC-42A3-9474-1A3956D46DE8}") = "src", "src", "{827E0CD3-B72D-47B6-A68D-7590B98EB39B}"
	ProjectSection(SolutionItems) = preProject
		src\ImposterGame.API\wwwroot\app.js = src\ImposterGame.API\wwwroot\app.js
		src\ImposterGame.API\wwwroot\game.html = src\ImposterGame.API\wwwroot\game.html
		src\ImposterGame.API\wwwroot\index.html = src\ImposterGame.API\wwwroot\index.html
	EndProjectSection
EndProject
Project("{FAE04EC0-301F-11D3-BF4B-00C04F79EFBC}") = "ImposterGame.API", "src\ImposterGame.API\ImposterGame.API.csproj", "{F8DD02AC-384C-F336-7763-E631915D6009}"
EndProject
Project("{FAE04EC0-301F-11D3-BF4B-00C04F79EFBC}") = "ImposterGame.Application", "src\ImposterGame.Application\ImposterGame.Application.csproj", "{215D33B3-CBFF-26C6-2939-EFF1E736138F}"
EndProject
Project("{FAE04EC0-301F-11D3-BF4B-00C04F79EFBC}") = "ImposterGame.Domain", "src\ImposterGame.Domain\ImposterGame.Domain.csproj", "{C186EB96-016F-F693-839E-FF3BCCEEF255}"
EndProject
Project("{FAE04EC0-301F-11D3-BF4B-00C04F79EFBC}") = "ImpostorGame.Infrastructure", "src\ImpostorGame.Infrastructure\ImpostorGame.Infrastructure.csproj", "{E15E7D46-5AC9-FD9B-A45A-97219EC612D8}"
EndProject
Project("{2150E333-8FDC-42A3-9474-1A3956D46DE8}") = "any", "any", "{B3749F23-B0F8-49DB-8825-DE9AFFF94D4D}"
	ProjectSection(SolutionItems) = preProject
		src\ImposterGame.API\wwwroot\app.js = src\ImposterGame.API\wwwroot\app.js
		src\ImposterGame.API\wwwroot\config.js = src\ImposterGame.API\wwwroot\config.js
		src\ImposterGame.API\wwwroot\debug.html = src\ImposterGame.API\wwwroot\debug.html
		src\ImposterGame.API\wwwroot\game.html = src\ImposterGame.API\wwwroot\game.html
		src\ImposterGame.API\wwwroot\index.html = src\ImposterGame.API\wwwroot\index.html
		src\ImposterGame.API\wwwroot\join.html = src\ImposterGame.API\wwwroot\join.html
		src\ImposterGame.API\wwwroot\lobby.html = src\ImposterGame.API\wwwroot\lobby.html
		src\ImposterGame.API\wwwroot\README.md = src\ImposterGame.API\wwwroot\README.md
		src\ImposterGame.API\wwwroot\results.html = src\ImposterGame.API\wwwroot\results.html
		src\ImposterGame.API\wwwroot\style.css = src\ImposterGame.API\wwwroot\style.css
		src\ImposterGame.API\wwwroot\utils.js = src\ImposterGame.API\wwwroot\utils.js
		src\ImposterGame.API\wwwroot\voting.html = src\ImposterGame.API\wwwroot\voting.html
	EndProjectSection
EndProject
Global
	GlobalSection(SolutionConfigurationPlatforms) = preSolution
		Debug|Any CPU = Debug|Any CPU
		Release|Any CPU = Release|Any CPU
	EndGlobalSection
	GlobalSection(ProjectConfigurationPlatforms) = postSolution
		{F8DD02AC-384C-F336-7763-E631915D6009}.Debug|Any CPU.ActiveCfg = Debug|Any CPU
		{F8DD02AC-384C-F336-7763-E631915D6009}.Debug|Any CPU.Build.0 = Debug|Any CPU
		{F8DD02AC-384C-F336-7763-E631915D6009}.Release|Any CPU.ActiveCfg = Release|Any CPU
		{F8DD02AC-384C-F336-7763-E631915D6009}.Release|Any CPU.Build.0 = Release|Any CPU
		{215D33B3-CBFF-26C6-2939-EFF1E736138F}.Debug|Any CPU.ActiveCfg = Debug|Any CPU
		{215D33B3-CBFF-26C6-2939-EFF1E736138F}.Debug|Any CPU.Build.0 = Debug|Any CPU
		{215D33B3-CBFF-26C6-2939-EFF1E736138F}.Release|Any CPU.ActiveCfg = Release|Any CPU
		{215D33B3-CBFF-26C6-2939-EFF1E736138F}.Release|Any CPU.Build.0 = Release|Any CPU
		{C186EB96-016F-F693-839E-FF3BCCEEF255}.Debug|Any CPU.ActiveCfg = Debug|Any CPU
		{C186EB96-016F-F693-839E-FF3BCCEEF255}.Debug|Any CPU.Build.0 = Debug|Any CPU
		{C186EB96-016F-F693-839E-FF3BCCEEF255}.Release|Any CPU.ActiveCfg = Release|Any CPU
		{C186EB96-016F-F693-839E-FF3BCCEEF255}.Release|Any CPU.Build.0 = Release|Any CPU
		{E15E7D46-5AC9-FD9B-A45A-97219EC612D8}.Debug|Any CPU.ActiveCfg = Debug|Any CPU
		{E15E7D46-5AC9-FD9B-A45A-97219EC612D8}.Debug|Any CPU.Build.0 = Debug|Any CPU
		{E15E7D46-5AC9-FD9B-A45A-97219EC612D8}.Release|Any CPU.ActiveCfg = Release|Any CPU
		{E15E7D46-5AC9-FD9B-A45A-97219EC612D8}.Release|Any CPU.Build.0 = Release|Any CPU
	EndGlobalSection
	GlobalSection(SolutionProperties) = preSolution
		HideSolutionNode = FALSE
	EndGlobalSection
	GlobalSection(NestedProjects) = preSolution
		{F8DD02AC-384C-F336-7763-E631915D6009} = {827E0CD3-B72D-47B6-A68D-7590B98EB39B}
		{215D33B3-CBFF-26C6-2939-EFF1E736138F} = {827E0CD3-B72D-47B6-A68D-7590B98EB39B}
		{C186EB96-016F-F693-839E-FF3BCCEEF255} = {827E0CD3-B72D-47B6-A68D-7590B98EB39B}
		{E15E7D46-5AC9-FD9B-A45A-97219EC612D8} = {827E0CD3-B72D-47B6-A68D-7590B98EB39B}
	EndGlobalSection
	GlobalSection(ExtensibilityGlobals) = postSolution
		SolutionGuid = {11A39324-9336-400E-B857-F51345BF2D41}
	EndGlobalSection
EndGlobal
